
Microsoft Visual Studio Solution File, Format Version 12.00
# Visual Studio Version 17
VisualStudioVersion = 17.3.32922.545
MinimumVisualStudioVersion = 10.0.40219.1
Project("{9A19103F-16F7-4668-BE54-9A1E7A4F7556}") = "CodeBeam.MudBlazor.Extensions", "CodeBeam.MudBlazor.Extensions\CodeBeam.MudBlazor.Extensions.csproj", "{542668A8-79D0-4697-9861-87EC5266EA65}"
EndProject
Project("{2150E333-8FDC-42A3-9474-1A3956D46DE8}") = "Solution Items", "Solution Items", "{42A7CB80-994B-49A1-A4B8-E2162F54E67B}"
	ProjectSection(SolutionItems) = preProject
		global.json = global.json
	EndProjectSection
EndProject
Project("{9A19103F-16F7-4668-BE54-9A1E7A4F7556}") = "CodeBeam.MudBlazor.Extensions.Docs", "CodeBeam.MudBlazor.Extensions.Docs\CodeBeam.MudBlazor.Extensions.Docs.csproj", "{808988C0-67E6-47F9-A32B-5177C99BDBBB}"
EndProject
Global
	GlobalSection(SolutionConfigurationPlatforms) = preSolution
		Debug|Any CPU = Debug|Any CPU
		Release|Any CPU = Release|Any CPU
	EndGlobalSection
	GlobalSection(ProjectConfigurationPlatforms) = postSolution
		{542668A8-79D0-4697-9861-87EC5266EA65}.Debug|Any CPU.ActiveCfg = Debug|Any CPU
		{542668A8-79D0-4697-9861-87EC5266EA65}.Debug|Any CPU.Build.0 = Debug|Any CPU
		{542668A8-79D0-4697-9861-87EC5266EA65}.Release|Any CPU.ActiveCfg = Release|Any CPU
		{542668A8-79D0-4697-9861-87EC5266EA65}.Release|Any CPU.Build.0 = Release|Any CPU
		{808988C0-67E6-47F9-A32B-5177C99BDBBB}.Debug|Any CPU.ActiveCfg = Debug|Any CPU
		{808988C0-67E6-47F9-A32B-5177C99BDBBB}.Debug|Any CPU.Build.0 = Debug|Any CPU
		{808988C0-67E6-47F9-A32B-5177C99BDBBB}.Release|Any CPU.ActiveCfg = Release|Any CPU
		{808988C0-67E6-47F9-A32B-5177C99BDBBB}.Release|Any CPU.Build.0 = Release|Any CPU
	EndGlobalSection
	GlobalSection(SolutionProperties) = preSolution
		HideSolutionNode = FALSE
	EndGlobalSection
	GlobalSection(ExtensibilityGlobals) = postSolution
		SolutionGuid = {F4ABECB5-60B3-4248-83F3-5BAB1881D9B6}
	EndGlobalSection
EndGlobal
